
Microsoft Visual Studio Solution File, Format Version 12.00
# Visual Studio Version 17
VisualStudioVersion = 17.0.31903.59
MinimumVisualStudioVersion = 10.0.40219.1
Project("{FAE04EC0-301F-11D3-BF4B-00C04F79EFBC}") = "2-Calculator", "2-Calculator\2-Calculator.csproj", "{60A5A2CD-C5BA-44EA-8A6D-3A3699C6953D}"
EndProject
Global
	GlobalSection(SolutionConfigurationPlatforms) = preSolution
		Debug|Any CPU = Debug|Any CPU
		Release|Any CPU = Release|Any CPU
	EndGlobalSection
	GlobalSection(SolutionProperties) = preSolution
		HideSolutionNode = FALSE
	EndGlobalSection
	GlobalSection(ProjectConfigurationPlatforms) = postSolution
		{60A5A2CD-C5BA-44EA-8A6D-3A3699C6953D}.Debug|Any CPU.ActiveCfg = Debug|Any CPU
		{60A5A2CD-C5BA-44EA-8A6D-3A3699C6953D}.Debug|Any CPU.Build.0 = Debug|Any CPU
		{60A5A2CD-C5BA-44EA-8A6D-3A3699C6953D}.Release|Any CPU.ActiveCfg = Release|Any CPU
		{60A5A2CD-C5BA-44EA-8A6D-3A3699C6953D}.Release|Any CPU.Build.0 = Release|Any CPU
	EndGlobalSection
EndGlobal
